
Microsoft Visual Studio Solution File, Format Version 9.00
# Visual Studio 2005
# SharpDevelop 2.2.1.2648
Project("{FAE04EC0-301F-11D3-BF4B-00C04F79EFBC}") = "clsFileLib", "clsFileLib.csproj", "{72A55D38-42E1-4CF3-AD47-2802AC142C95}"
EndProject
Global
	GlobalSection(SolutionConfigurationPlatforms) = preSolution
		Debug|Any CPU = Debug|Any CPU
		Release|Any CPU = Release|Any CPU
	EndGlobalSection
	GlobalSection(ProjectConfigurationPlatforms) = postSolution
		{72A55D38-42E1-4CF3-AD47-2802AC142C95}.Debug|Any CPU.Build.0 = Debug|Any CPU
		{72A55D38-42E1-4CF3-AD47-2802AC142C95}.Debug|Any CPU.ActiveCfg = Debug|Any CPU
		{72A55D38-42E1-4CF3-AD47-2802AC142C95}.Release|Any CPU.Build.0 = Release|Any CPU
		{72A55D38-42E1-4CF3-AD47-2802AC142C95}.Release|Any CPU.ActiveCfg = Release|Any CPU
	EndGlobalSection
EndGlobal
